
Microsoft Visual Studio Solution File, Format Version 12.00
# Visual Studio Version 17
VisualStudioVersion = 17.10.35013.160
MinimumVisualStudioVersion = 10.0.40219.1
Project("{FAE04EC0-301F-11D3-BF4B-00C04F79EFBC}") = "E&D Project 1", "E&D Project 1\E&D Project 1.csproj", "{A1A667A3-62E1-445A-BDA5-72EC1EA051CB}"
EndProject
Global
	GlobalSection(SolutionConfigurationPlatforms) = preSolution
		Debug|Any CPU = Debug|Any CPU
		Release|Any CPU = Release|Any CPU
	EndGlobalSection
	GlobalSection(ProjectConfigurationPlatforms) = postSolution
		{A1A667A3-62E1-445A-BDA5-72EC1EA051CB}.Debug|Any CPU.ActiveCfg = Debug|Any CPU
		{A1A667A3-62E1-445A-BDA5-72EC1EA051CB}.Debug|Any CPU.Build.0 = Debug|Any CPU
		{A1A667A3-62E1-445A-BDA5-72EC1EA051CB}.Release|Any CPU.ActiveCfg = Release|Any CPU
		{A1A667A3-62E1-445A-BDA5-72EC1EA051CB}.Release|Any CPU.Build.0 = Release|Any CPU
	EndGlobalSection
	GlobalSection(SolutionProperties) = preSolution
		HideSolutionNode = FALSE
	EndGlobalSection
	GlobalSection(ExtensibilityGlobals) = postSolution
		SolutionGuid = {948CC8B9-7714-4525-89BB-C569ABA5A189}
	EndGlobalSection
EndGlobal
